
Microsoft Visual Studio Solution File, Format Version 12.00
# Visual Studio 2015
Project("{FAE04EC0-301F-11D3-BF4B-00C04F79EFBC}") = "Gravity Flipper.CSharp", "Gravity Flipper.CSharp.csproj", "{B3DB94F6-1F99-F1A7-D4D7-957B0D8BD0FB}"
EndProject
Global
	GlobalSection(SolutionConfigurationPlatforms) = preSolution
		Debug|Any CPU = Debug|Any CPU
		Release|Any CPU = Release|Any CPU
	EndGlobalSection
	GlobalSection(ProjectConfigurationPlatforms) = postSolution
		{B3DB94F6-1F99-F1A7-D4D7-957B0D8BD0FB}.Debug|Any CPU.ActiveCfg = Debug|Any CPU
		{B3DB94F6-1F99-F1A7-D4D7-957B0D8BD0FB}.Debug|Any CPU.Build.0 = Debug|Any CPU
		{B3DB94F6-1F99-F1A7-D4D7-957B0D8BD0FB}.Release|Any CPU.ActiveCfg = Release|Any CPU
		{B3DB94F6-1F99-F1A7-D4D7-957B0D8BD0FB}.Release|Any CPU.Build.0 = Release|Any CPU
	EndGlobalSection
	GlobalSection(SolutionProperties) = preSolution
		HideSolutionNode = FALSE
	EndGlobalSection
EndGlobal
